// !$*UTF8*$!
{
	archiveVersion = 1;
	classes = {
	};
	objectVersion = 56;
	objects = {

/* Begin PBXBuildFile section */
		9941A7692DD8F24E00B2AA3C /* WeatherAppApp.swift in Sources */ = {isa = PBXBuildFile; fileRef = 9941A7682DD8F24E00B2AA3C /* WeatherAppApp.swift */; };
		9941A76B2DD8F24E00B2AA3C /* ContentView.swift in Sources */ = {isa = PBXBuildFile; fileRef = 9941A76A2DD8F24E00B2AA3C /* ContentView.swift */; };
		9941A76D2DD8F25000B2AA3C /* Assets.xcassets in Resources */ = {isa = PBXBuildFile; fileRef = 9941A76C2DD8F25000B2AA3C /* Assets.xcassets */; };
		9941A7702DD8F25000B2AA3C /* Preview Assets.xcassets in Resources */ = {isa = PBXBuildFile; fileRef = 9941A76F2DD8F25000B2AA3C /* Preview Assets.xcassets */; };
		9941A7772DD8FE9100B2AA3C /* Forecast.swift in Sources */ = {isa = PBXBuildFile; fileRef = 9941A7762DD8FE9100B2AA3C /* Forecast.swift */; };
		9941A7912DDA391300B2AA3C /* DayForecast.swift in Sources */ = {isa = PBXBuildFile; fileRef = 9941A7902DDA391300B2AA3C /* DayForecast.swift */; };
		9941A7932DDA396F00B2AA3C /* ForecastListItemView.swift in Sources */ = {isa = PBXBuildFile; fileRef = 9941A7922DDA396F00B2AA3C /* ForecastListItemView.swift */; };
		9941A7972DDA44F500B2AA3C /* WeatherViewModel.swift in Sources */ = {isa = PBXBuildFile; fileRef = 9941A7962DDA44F500B2AA3C /* WeatherViewModel.swift */; };
		9941A79A2DDA4C9800B2AA3C /* WeatherAPIEndpoint.swift in Sources */ = {isa = PBXBuildFile; fileRef = 9941A7992DDA4C9800B2AA3C /* WeatherAPIEndpoint.swift */; };
		9941A79D2DDA642500B2AA3C /* Formatters.swift in Sources */ = {isa = PBXBuildFile; fileRef = 9941A79C2DDA642500B2AA3C /* Formatters.swift */; };
/* End PBXBuildFile section */

/* Begin PBXFileReference section */
		9941A7652DD8F24E00B2AA3C /* WeatherApp.app */ = {isa = PBXFileReference; explicitFileType = wrapper.application; includeInIndex = 0; path = WeatherApp.app; sourceTree = BUILT_PRODUCTS_DIR; };
		9941A7682DD8F24E00B2AA3C /* WeatherAppApp.swift */ = {isa = PBXFileReference; lastKnownFileType = sourcecode.swift; path = WeatherAppApp.swift; sourceTree = "<group>"; };
		9941A76A2DD8F24E00B2AA3C /* ContentView.swift */ = {isa = PBXFileReference; lastKnownFileType = sourcecode.swift; path = ContentView.swift; sourceTree = "<group>"; };
		9941A76C2DD8F25000B2AA3C /* Assets.xcassets */ = {isa = PBXFileReference; lastKnownFileType = folder.assetcatalog; path = Assets.xcassets; sourceTree = "<group>"; };
		9941A76F2DD8F25000B2AA3C /* Preview Assets.xcassets */ = {isa = PBXFileReference; lastKnownFileType = folder.assetcatalog; path = "Preview Assets.xcassets"; sourceTree = "<group>"; };
		9941A7762DD8FE9100B2AA3C /* Forecast.swift */ = {isa = PBXFileReference; lastKnownFileType = sourcecode.swift; path = Forecast.swift; sourceTree = "<group>"; };
		9941A7902DDA391300B2AA3C /* DayForecast.swift */ = {isa = PBXFileReference; lastKnownFileType = sourcecode.swift; path = DayForecast.swift; sourceTree = "<group>"; };
		9941A7922DDA396F00B2AA3C /* ForecastListItemView.swift */ = {isa = PBXFileReference; lastKnownFileType = sourcecode.swift; path = ForecastListItemView.swift; sourceTree = "<group>"; };
		9941A7962DDA44F500B2AA3C /* WeatherViewModel.swift */ = {isa = PBXFileReference; lastKnownFileType = sourcecode.swift; path = WeatherViewModel.swift; sourceTree = "<group>"; };
		9941A7992DDA4C9800B2AA3C /* WeatherAPIEndpoint.swift */ = {isa = PBXFileReference; lastKnownFileType = sourcecode.swift; path = WeatherAPIEndpoint.swift; sourceTree = "<group>"; };
		9941A79C2DDA642500B2AA3C /* Formatters.swift */ = {isa = PBXFileReference; lastKnownFileType = sourcecode.swift; path = Formatters.swift; sourceTree = "<group>"; };
/* End PBXFileReference section */

/* Begin PBXFrameworksBuildPhase section */
		9941A7622DD8F24E00B2AA3C /* Frameworks */ = {
			isa = PBXFrameworksBuildPhase;
			buildActionMask = 2147483647;
			files = (
			);
			runOnlyForDeploymentPostprocessing = 0;
		};
/* End PBXFrameworksBuildPhase section */

/* Begin PBXGroup section */
		9941A75C2DD8F24E00B2AA3C = {
			isa = PBXGroup;
			children = (
				9941A7672DD8F24E00B2AA3C /* WeatherApp */,
				9941A7662DD8F24E00B2AA3C /* Products */,
			);
			sourceTree = "<group>";
		};
		9941A7662DD8F24E00B2AA3C /* Products */ = {
			isa = PBXGroup;
			children = (
				9941A7652DD8F24E00B2AA3C /* WeatherApp.app */,
			);
			name = Products;
			sourceTree = "<group>";
		};
		9941A7672DD8F24E00B2AA3C /* WeatherApp */ = {
			isa = PBXGroup;
			children = (
				9941A79B2DDA640A00B2AA3C /* Formatters */,
				9941A7982DDA4C7100B2AA3C /* Endpoints */,
				9941A7952DDA44D400B2AA3C /* ViewModel */,
				9941A7942DDA3F7E00B2AA3C /* Views */,
				9941A7782DD9001100B2AA3C /* Models */,
				9941A7682DD8F24E00B2AA3C /* WeatherAppApp.swift */,
				9941A76C2DD8F25000B2AA3C /* Assets.xcassets */,
				9941A76E2DD8F25000B2AA3C /* Preview Content */,
			);
			path = WeatherApp;
			sourceTree = "<group>";
		};
		9941A76E2DD8F25000B2AA3C /* Preview Content */ = {
			isa = PBXGroup;
			children = (
				9941A76F2DD8F25000B2AA3C /* Preview Assets.xcassets */,
			);
			path = "Preview Content";
			sourceTree = "<group>";
		};
		9941A7782DD9001100B2AA3C /* Models */ = {
			isa = PBXGroup;
			children = (
				9941A7762DD8FE9100B2AA3C /* Forecast.swift */,
				9941A7902DDA391300B2AA3C /* DayForecast.swift */,
			);
			path = Models;
			sourceTree = "<group>";
		};
		9941A7942DDA3F7E00B2AA3C /* Views */ = {
			isa = PBXGroup;
			children = (
				9941A7922DDA396F00B2AA3C /* ForecastListItemView.swift */,
				9941A76A2DD8F24E00B2AA3C /* ContentView.swift */,
			);
			path = Views;
			sourceTree = "<group>";
		};
		9941A7952DDA44D400B2AA3C /* ViewModel */ = {
			isa = PBXGroup;
			children = (
				9941A7962DDA44F500B2AA3C /* WeatherViewModel.swift */,
			);
			path = ViewModel;
			sourceTree = "<group>";
		};
		9941A7982DDA4C7100B2AA3C /* Endpoints */ = {
			isa = PBXGroup;
			children = (
				9941A7992DDA4C9800B2AA3C /* WeatherAPIEndpoint.swift */,
			);
			path = Endpoints;
			sourceTree = "<group>";
		};
		9941A79B2DDA640A00B2AA3C /* Formatters */ = {
			isa = PBXGroup;
			children = (
				9941A79C2DDA642500B2AA3C /* Formatters.swift */,
			);
			path = Formatters;
			sourceTree = "<group>";
		};
/* End PBXGroup section */

/* Begin PBXNativeTarget section */
		9941A7642DD8F24E00B2AA3C /* WeatherApp */ = {
			isa = PBXNativeTarget;
			buildConfigurationList = 9941A7732DD8F25000B2AA3C /* Build configuration list for PBXNativeTarget "WeatherApp" */;
			buildPhases = (
				9941A7612DD8F24E00B2AA3C /* Sources */,
				9941A7622DD8F24E00B2AA3C /* Frameworks */,
				9941A7632DD8F24E00B2AA3C /* Resources */,
			);
			buildRules = (
			);
			dependencies = (
			);
			name = WeatherApp;
			productName = WeatherApp;
			productReference = 9941A7652DD8F24E00B2AA3C /* WeatherApp.app */;
			productType = "com.apple.product-type.application";
		};
/* End PBXNativeTarget section */

/* Begin PBXProject section */
		9941A75D2DD8F24E00B2AA3C /* Project object */ = {
			isa = PBXProject;
			attributes = {
				BuildIndependentTargetsInParallel = 1;
				LastSwiftUpdateCheck = 1400;
				LastUpgradeCheck = 1400;
				TargetAttributes = {
					9941A7642DD8F24E00B2AA3C = {
						CreatedOnToolsVersion = 14.0.1;
					};
				};
			};
			buildConfigurationList = 9941A7602DD8F24E00B2AA3C /* Build configuration list for PBXProject "WeatherApp" */;
			compatibilityVersion = "Xcode 14.0";
			developmentRegion = en;
			hasScannedForEncodings = 0;
			knownRegions = (
				en,
				Base,
			);
			mainGroup = 9941A75C2DD8F24E00B2AA3C;
			productRefGroup = 9941A7662DD8F24E00B2AA3C /* Products */;
			projectDirPath = "";
			projectRoot = "";
			targets = (
				9941A7642DD8F24E00B2AA3C /* WeatherApp */,
			);
		};
/* End PBXProject section */

/* Begin PBXResourcesBuildPhase section */
		9941A7632DD8F24E00B2AA3C /* Resources */ = {
			isa = PBXResourcesBuildPhase;
			buildActionMask = 2147483647;
			files = (
				9941A7702DD8F25000B2AA3C /* Preview Assets.xcassets in Resources */,
				9941A76D2DD8F25000B2AA3C /* Assets.xcassets in Resources */,
			);
			runOnlyForDeploymentPostprocessing = 0;
		};
/* End PBXResourcesBuildPhase section */

/* Begin PBXSourcesBuildPhase section */
		9941A7612DD8F24E00B2AA3C /* Sources */ = {
			isa = PBXSourcesBuildPhase;
			buildActionMask = 2147483647;
			files = (
				9941A76B2DD8F24E00B2AA3C /* ContentView.swift in Sources */,
				9941A7972DDA44F500B2AA3C /* WeatherViewModel.swift in Sources */,
				9941A79D2DDA642500B2AA3C /* Formatters.swift in Sources */,
				9941A7912DDA391300B2AA3C /* DayForecast.swift in Sources */,
				9941A7932DDA396F00B2AA3C /* ForecastListItemView.swift in Sources */,
				9941A7772DD8FE9100B2AA3C /* Forecast.swift in Sources */,
				9941A79A2DDA4C9800B2AA3C /* WeatherAPIEndpoint.swift in Sources */,
				9941A7692DD8F24E00B2AA3C /* WeatherAppApp.swift in Sources */,
			);
			runOnlyForDeploymentPostprocessing = 0;
		};
/* End PBXSourcesBuildPhase section */

/* Begin XCBuildConfiguration section */
		9941A7712DD8F25000B2AA3C /* Debug */ = {
			isa = XCBuildConfiguration;
			buildSettings = {
				ALWAYS_SEARCH_USER_PATHS = NO;
				CLANG_ANALYZER_NONNULL = YES;
				CLANG_ANALYZER_NUMBER_OBJECT_CONVERSION = YES_AGGRESSIVE;
				CLANG_CXX_LANGUAGE_STANDARD = "gnu++20";
				CLANG_ENABLE_MODULES = YES;
				CLANG_ENABLE_OBJC_ARC = YES;
				CLANG_ENABLE_OBJC_WEAK = YES;
				CLANG_WARN_BLOCK_CAPTURE_AUTORELEASING = YES;
				CLANG_WARN_BOOL_CONVERSION = YES;
				CLANG_WARN_COMMA = YES;
				CLANG_WARN_CONSTANT_CONVERSION = YES;
				CLANG_WARN_DEPRECATED_OBJC_IMPLEMENTATIONS = YES;
				CLANG_WARN_DIRECT_OBJC_ISA_USAGE = YES_ERROR;
				CLANG_WARN_DOCUMENTATION_COMMENTS = YES;
				CLANG_WARN_EMPTY_BODY = YES;
				CLANG_WARN_ENUM_CONVERSION = YES;
				CLANG_WARN_INFINITE_RECURSION = YES;
				CLANG_WARN_INT_CONVERSION = YES;
				CLANG_WARN_NON_LITERAL_NULL_CONVERSION = YES;
				CLANG_WARN_OBJC_IMPLICIT_RETAIN_SELF = YES;
				CLANG_WARN_OBJC_LITERAL_CONVERSION = YES;
				CLANG_WARN_OBJC_ROOT_CLASS = YES_ERROR;
				CLANG_WARN_QUOTED_INCLUDE_IN_FRAMEWORK_HEADER = YES;
				CLANG_WARN_RANGE_LOOP_ANALYSIS = YES;
				CLANG_WARN_STRICT_PROTOTYPES = YES;
				CLANG_WARN_SUSPICIOUS_MOVE = YES;
				CLANG_WARN_UNGUARDED_AVAILABILITY = YES_AGGRESSIVE;
				CLANG_WARN_UNREACHABLE_CODE = YES;
				CLANG_WARN__DUPLICATE_METHOD_MATCH = YES;
				COPY_PHASE_STRIP = NO;
				DEBUG_INFORMATION_FORMAT = dwarf;
				ENABLE_STRICT_OBJC_MSGSEND = YES;
				ENABLE_TESTABILITY = YES;
				GCC_C_LANGUAGE_STANDARD = gnu11;
				GCC_DYNAMIC_NO_PIC = NO;
				GCC_NO_COMMON_BLOCKS = YES;
				GCC_OPTIMIZATION_LEVEL = 0;
				GCC_PREPROCESSOR_DEFINITIONS = (
					"DEBUG=1",
					"$(inherited)",
				);
				GCC_WARN_64_TO_32_BIT_CONVERSION = YES;
				GCC_WARN_ABOUT_RETURN_TYPE = YES_ERROR;
				GCC_WARN_UNDECLARED_SELECTOR = YES;
				GCC_WARN_UNINITIALIZED_AUTOS = YES_AGGRESSIVE;
				GCC_WARN_UNUSED_FUNCTION = YES;
				GCC_WARN_UNUSED_VARIABLE = YES;
				IPHONEOS_DEPLOYMENT_TARGET = 15.0;
				MTL_ENABLE_DEBUG_INFO = INCLUDE_SOURCE;
				MTL_FAST_MATH = YES;
				ONLY_ACTIVE_ARCH = YES;
				SDKROOT = iphoneos;
				SWIFT_ACTIVE_COMPILATION_CONDITIONS = DEBUG;
				SWIFT_OPTIMIZATION_LEVEL = "-Onone";
			};
			name = Debug;
		};
		9941A7722DD8F25000B2AA3C /* Release */ = {
			isa = XCBuildConfiguration;
			buildSettings = {
				ALWAYS_SEARCH_USER_PATHS = NO;
				CLANG_ANALYZER_NONNULL = YES;
				CLANG_ANALYZER_NUMBER_OBJECT_CONVERSION = YES_AGGRESSIVE;
				CLANG_CXX_LANGUAGE_STANDARD = "gnu++20";
				CLANG_ENABLE_MODULES = YES;
				CLANG_ENABLE_OBJC_ARC = YES;
				CLANG_ENABLE_OBJC_WEAK = YES;
				CLANG_WARN_BLOCK_CAPTURE_AUTORELEASING = YES;
				CLANG_WARN_BOOL_CONVERSION = YES;
				CLANG_WARN_COMMA = YES;
				CLANG_WARN_CONSTANT_CONVERSION = YES;
				CLANG_WARN_DEPRECATED_OBJC_IMPLEMENTATIONS = YES;
				CLANG_WARN_DIRECT_OBJC_ISA_USAGE = YES_ERROR;
				CLANG_WARN_DOCUMENTATION_COMMENTS = YES;
				CLANG_WARN_EMPTY_BODY = YES;
				CLANG_WARN_ENUM_CONVERSION = YES;
				CLANG_WARN_INFINITE_RECURSION = YES;
				CLANG_WARN_INT_CONVERSION = YES;
				CLANG_WARN_NON_LITERAL_NULL_CONVERSION = YES;
				CLANG_WARN_OBJC_IMPLICIT_RETAIN_SELF = YES;
				CLANG_WARN_OBJC_LITERAL_CONVERSION = YES;
				CLANG_WARN_OBJC_ROOT_CLASS = YES_ERROR;
				CLANG_WARN_QUOTED_INCLUDE_IN_FRAMEWORK_HEADER = YES;
				CLANG_WARN_RANGE_LOOP_ANALYSIS = YES;
				CLANG_WARN_STRICT_PROTOTYPES = YES;
				CLANG_WARN_SUSPICIOUS_MOVE = YES;
				CLANG_WARN_UNGUARDED_AVAILABILITY = YES_AGGRESSIVE;
				CLANG_WARN_UNREACHABLE_CODE = YES;
				CLANG_WARN__DUPLICATE_METHOD_MATCH = YES;
				COPY_PHASE_STRIP = NO;
				DEBUG_INFORMATION_FORMAT = "dwarf-with-dsym";
				ENABLE_NS_ASSERTIONS = NO;
				ENABLE_STRICT_OBJC_MSGSEND = YES;
				GCC_C_LANGUAGE_STANDARD = gnu11;
				GCC_NO_COMMON_BLOCKS = YES;
				GCC_WARN_64_TO_32_BIT_CONVERSION = YES;
				GCC_WARN_ABOUT_RETURN_TYPE = YES_ERROR;
				GCC_WARN_UNDECLARED_SELECTOR = YES;
				GCC_WARN_UNINITIALIZED_AUTOS = YES_AGGRESSIVE;
				GCC_WARN_UNUSED_FUNCTION = YES;
				GCC_WARN_UNUSED_VARIABLE = YES;
				IPHONEOS_DEPLOYMENT_TARGET = 15.0;
				MTL_ENABLE_DEBUG_INFO = NO;
				MTL_FAST_MATH = YES;
				SDKROOT = iphoneos;
				SWIFT_COMPILATION_MODE = wholemodule;
				SWIFT_OPTIMIZATION_LEVEL = "-O";
				VALIDATE_PRODUCT = YES;
			};
			name = Release;
		};
		9941A7742DD8F25000B2AA3C /* Debug */ = {
			isa = XCBuildConfiguration;
			buildSettings = {
				ASSETCATALOG_COMPILER_APPICON_NAME = AppIcon;
				ASSETCATALOG_COMPILER_GLOBAL_ACCENT_COLOR_NAME = AccentColor;
				CODE_SIGN_STYLE = Automatic;
				CURRENT_PROJECT_VERSION = 1;
				DEVELOPMENT_ASSET_PATHS = "\"WeatherApp/Preview Content\"";
				DEVELOPMENT_TEAM = H5A9D4GT66;
				ENABLE_PREVIEWS = YES;
				GENERATE_INFOPLIST_FILE = YES;
				INFOPLIST_KEY_UIApplicationSceneManifest_Generation = YES;
				INFOPLIST_KEY_UIApplicationSupportsIndirectInputEvents = YES;
				INFOPLIST_KEY_UILaunchScreen_Generation = YES;
				INFOPLIST_KEY_UISupportedInterfaceOrientations = UIInterfaceOrientationPortrait;
				INFOPLIST_KEY_UISupportedInterfaceOrientations_iPad = "UIInterfaceOrientationLandscapeLeft UIInterfaceOrientationLandscapeRight UIInterfaceOrientationPortrait UIInterfaceOrientationPortraitUpsideDown";
				IPHONEOS_DEPLOYMENT_TARGET = 15.0;
				LD_RUNPATH_SEARCH_PATHS = (
					"$(inherited)",
					"@executable_path/Frameworks",
				);
				MARKETING_VERSION = 1.0;
				PRODUCT_BUNDLE_IDENTIFIER = com.rusl0.WeatherApp;
				PRODUCT_NAME = "$(TARGET_NAME)";
				SUPPORTED_PLATFORMS = "iphoneos iphonesimulator";
				SUPPORTS_MACCATALYST = NO;
				SUPPORTS_MAC_DESIGNED_FOR_IPHONE_IPAD = NO;
				SWIFT_EMIT_LOC_STRINGS = YES;
				SWIFT_VERSION = 5.0;
				TARGETED_DEVICE_FAMILY = 1;
			};
			name = Debug;
		};
		9941A7752DD8F25000B2AA3C /* Release */ = {
			isa = XCBuildConfiguration;
			buildSettings = {
				ASSETCATALOG_COMPILER_APPICON_NAME = AppIcon;
				ASSETCATALOG_COMPILER_GLOBAL_ACCENT_COLOR_NAME = AccentColor;
				CODE_SIGN_STYLE = Automatic;
				CURRENT_PROJECT_VERSION = 1;
				DEVELOPMENT_ASSET_PATHS = "\"WeatherApp/Preview Content\"";
				DEVELOPMENT_TEAM = H5A9D4GT66;
				ENABLE_PREVIEWS = YES;
				GENERATE_INFOPLIST_FILE = YES;
				INFOPLIST_KEY_UIApplicationSceneManifest_Generation = YES;
				INFOPLIST_KEY_UIApplicationSupportsIndirectInputEvents = YES;
				INFOPLIST_KEY_UILaunchScreen_Generation = YES;
				INFOPLIST_KEY_UISupportedInterfaceOrientations = UIInterfaceOrientationPortrait;
				INFOPLIST_KEY_UISupportedInterfaceOrientations_iPad = "UIInterfaceOrientationLandscapeLeft UIInterfaceOrientationLandscapeRight UIInterfaceOrientationPortrait UIInterfaceOrientationPortraitUpsideDown";
				IPHONEOS_DEPLOYMENT_TARGET = 15.0;
				LD_RUNPATH_SEARCH_PATHS = (
					"$(inherited)",
					"@executable_path/Frameworks",
				);
				MARKETING_VERSION = 1.0;
				PRODUCT_BUNDLE_IDENTIFIER = com.rusl0.WeatherApp;
				PRODUCT_NAME = "$(TARGET_NAME)";
				SUPPORTED_PLATFORMS = "iphoneos iphonesimulator";
				SUPPORTS_MACCATALYST = NO;
				SUPPORTS_MAC_DESIGNED_FOR_IPHONE_IPAD = NO;
				SWIFT_EMIT_LOC_STRINGS = YES;
				SWIFT_VERSION = 5.0;
				TARGETED_DEVICE_FAMILY = 1;
			};
			name = Release;
		};
/* End XCBuildConfiguration section */

/* Begin XCConfigurationList section */
		9941A7602DD8F24E00B2AA3C /* Build configuration list for PBXProject "WeatherApp" */ = {
			isa = XCConfigurationList;
			buildConfigurations = (
				9941A7712DD8F25000B2AA3C /* Debug */,
				9941A7722DD8F25000B2AA3C /* Release */,
			);
			defaultConfigurationIsVisible = 0;
			defaultConfigurationName = Release;
		};
		9941A7732DD8F25000B2AA3C /* Build configuration list for PBXNativeTarget "WeatherApp" */ = {
			isa = XCConfigurationList;
			buildConfigurations = (
				9941A7742DD8F25000B2AA3C /* Debug */,
				9941A7752DD8F25000B2AA3C /* Release */,
			);
			defaultConfigurationIsVisible = 0;
			defaultConfigurationName = Release;
		};
/* End XCConfigurationList section */
	};
	rootObject = 9941A75D2DD8F24E00B2AA3C /* Project object */;
}
